
Microsoft Visual Studio Solution File, Format Version 12.00
# Visual Studio Version 17
VisualStudioVersion = 17.6.33801.468
MinimumVisualStudioVersion = 10.0.40219.1
Project("{FAE04EC0-301F-11D3-BF4B-00C04F79EFBC}") = "SStopwatch", "SStopwatch\SStopwatch.csproj", "{EE16D1C7-EBDF-4882-A866-AA7CB4533CA5}"
EndProject
Global
	GlobalSection(SolutionConfigurationPlatforms) = preSolution
		Debug|Any CPU = Debug|Any CPU
		Release|Any CPU = Release|Any CPU
	EndGlobalSection
	GlobalSection(ProjectConfigurationPlatforms) = postSolution
		{EE16D1C7-EBDF-4882-A866-AA7CB4533CA5}.Debug|Any CPU.ActiveCfg = Debug|Any CPU
		{EE16D1C7-EBDF-4882-A866-AA7CB4533CA5}.Debug|Any CPU.Build.0 = Debug|Any CPU
		{EE16D1C7-EBDF-4882-A866-AA7CB4533CA5}.Release|Any CPU.ActiveCfg = Release|Any CPU
		{EE16D1C7-EBDF-4882-A866-AA7CB4533CA5}.Release|Any CPU.Build.0 = Release|Any CPU
	EndGlobalSection
	GlobalSection(SolutionProperties) = preSolution
		HideSolutionNode = FALSE
	EndGlobalSection
	GlobalSection(ExtensibilityGlobals) = postSolution
		SolutionGuid = {AF1F4B7E-367E-4435-863D-367906D271C8}
	EndGlobalSection
EndGlobal
